
Microsoft Visual Studio Solution File, Format Version 12.00
# Visual Studio Version 17
VisualStudioVersion = 17.3.32901.215
MinimumVisualStudioVersion = 10.0.40219.1
Project("{FAE04EC0-301F-11D3-BF4B-00C04F79EFBC}") = "First Project", "First Project\First Project.csproj", "{652DDF2A-06D5-4B45-A507-8749DCBE2BF5}"
EndProject
Global
	GlobalSection(SolutionConfigurationPlatforms) = preSolution
		Debug|Any CPU = Debug|Any CPU
		Release|Any CPU = Release|Any CPU
	EndGlobalSection
	GlobalSection(ProjectConfigurationPlatforms) = postSolution
		{652DDF2A-06D5-4B45-A507-8749DCBE2BF5}.Debug|Any CPU.ActiveCfg = Debug|Any CPU
		{652DDF2A-06D5-4B45-A507-8749DCBE2BF5}.Debug|Any CPU.Build.0 = Debug|Any CPU
		{652DDF2A-06D5-4B45-A507-8749DCBE2BF5}.Release|Any CPU.ActiveCfg = Release|Any CPU
		{652DDF2A-06D5-4B45-A507-8749DCBE2BF5}.Release|Any CPU.Build.0 = Release|Any CPU
	EndGlobalSection
	GlobalSection(SolutionProperties) = preSolution
		HideSolutionNode = FALSE
	EndGlobalSection
	GlobalSection(ExtensibilityGlobals) = postSolution
		SolutionGuid = {AC9A2EE1-8C5C-43D4-8C0A-5457E9A1B752}
	EndGlobalSection
EndGlobal
